
Microsoft Visual Studio Solution File, Format Version 12.00
# Visual Studio Version 17
VisualStudioVersion = 17.14.36127.28
MinimumVisualStudioVersion = 10.0.40219.1
Project("{FAE04EC0-301F-11D3-BF4B-00C04F79EFBC}") = "BlockedCountryAPI", "BlockedCountryAPI\BlockedCountryAPI.csproj", "{C0D262AB-27D2-4314-9C05-A1FC4C979D13}"
EndProject
Project("{FAE04EC0-301F-11D3-BF4B-00C04F79EFBC}") = "BlockedCountryAPI.Entities", "Entities\BlockedCountryAPI.Entities.csproj", "{6BE0DF4E-4412-4FAC-8E46-2C354F5D0A43}"
EndProject
Project("{FAE04EC0-301F-11D3-BF4B-00C04F79EFBC}") = "Shared", "Shared\Shared.csproj", "{5D7B92A0-E34F-440D-B3E8-AA92B7827C05}"
EndProject
Project("{FAE04EC0-301F-11D3-BF4B-00C04F79EFBC}") = "Contracts", "Contracts\Contracts.csproj", "{D218EC21-4F28-49FF-80E5-A84AA52F4397}"
EndProject
Project("{FAE04EC0-301F-11D3-BF4B-00C04F79EFBC}") = "Infrastructure", "Infrastructure\Infrastructure.csproj", "{8455BE49-B271-4D6C-801A-5A9A29490842}"
EndProject
Global
	GlobalSection(SolutionConfigurationPlatforms) = preSolution
		Debug|Any CPU = Debug|Any CPU
		Release|Any CPU = Release|Any CPU
	EndGlobalSection
	GlobalSection(ProjectConfigurationPlatforms) = postSolution
		{C0D262AB-27D2-4314-9C05-A1FC4C979D13}.Debug|Any CPU.ActiveCfg = Debug|Any CPU
		{C0D262AB-27D2-4314-9C05-A1FC4C979D13}.Debug|Any CPU.Build.0 = Debug|Any CPU
		{C0D262AB-27D2-4314-9C05-A1FC4C979D13}.Release|Any CPU.ActiveCfg = Release|Any CPU
		{C0D262AB-27D2-4314-9C05-A1FC4C979D13}.Release|Any CPU.Build.0 = Release|Any CPU
		{6BE0DF4E-4412-4FAC-8E46-2C354F5D0A43}.Debug|Any CPU.ActiveCfg = Debug|Any CPU
		{6BE0DF4E-4412-4FAC-8E46-2C354F5D0A43}.Debug|Any CPU.Build.0 = Debug|Any CPU
		{6BE0DF4E-4412-4FAC-8E46-2C354F5D0A43}.Release|Any CPU.ActiveCfg = Release|Any CPU
		{6BE0DF4E-4412-4FAC-8E46-2C354F5D0A43}.Release|Any CPU.Build.0 = Release|Any CPU
		{5D7B92A0-E34F-440D-B3E8-AA92B7827C05}.Debug|Any CPU.ActiveCfg = Debug|Any CPU
		{5D7B92A0-E34F-440D-B3E8-AA92B7827C05}.Debug|Any CPU.Build.0 = Debug|Any CPU
		{5D7B92A0-E34F-440D-B3E8-AA92B7827C05}.Release|Any CPU.ActiveCfg = Release|Any CPU
		{5D7B92A0-E34F-440D-B3E8-AA92B7827C05}.Release|Any CPU.Build.0 = Release|Any CPU
		{D218EC21-4F28-49FF-80E5-A84AA52F4397}.Debug|Any CPU.ActiveCfg = Debug|Any CPU
		{D218EC21-4F28-49FF-80E5-A84AA52F4397}.Debug|Any CPU.Build.0 = Debug|Any CPU
		{D218EC21-4F28-49FF-80E5-A84AA52F4397}.Release|Any CPU.ActiveCfg = Release|Any CPU
		{D218EC21-4F28-49FF-80E5-A84AA52F4397}.Release|Any CPU.Build.0 = Release|Any CPU
		{8455BE49-B271-4D6C-801A-5A9A29490842}.Debug|Any CPU.ActiveCfg = Debug|Any CPU
		{8455BE49-B271-4D6C-801A-5A9A29490842}.Debug|Any CPU.Build.0 = Debug|Any CPU
		{8455BE49-B271-4D6C-801A-5A9A29490842}.Release|Any CPU.ActiveCfg = Release|Any CPU
		{8455BE49-B271-4D6C-801A-5A9A29490842}.Release|Any CPU.Build.0 = Release|Any CPU
	EndGlobalSection
	GlobalSection(SolutionProperties) = preSolution
		HideSolutionNode = FALSE
	EndGlobalSection
	GlobalSection(ExtensibilityGlobals) = postSolution
		SolutionGuid = {A934A686-4B2C-4829-BA38-F82B488B9ACD}
	EndGlobalSection
EndGlobal
